
Microsoft Visual Studio Solution File, Format Version 11.00
# Visual Studio 2010
Project("{FAE04EC0-301F-11D3-BF4B-00C04F79EFBC}") = "MOMService", "MOMService\MOMService.csproj", "{5C9D72C9-0983-4771-8801-D726A774FD98}"
EndProject
Project("{FAE04EC0-301F-11D3-BF4B-00C04F79EFBC}") = "DataAccessLayer", "DataAccessLayer\DataAccessLayer.csproj", "{7F3D17D6-74F1-48FA-AB49-04E79F341A9B}"
EndProject
Project("{54435603-DBB4-11D2-8724-00A0C9A8B90C}") = "MOMServiceSetup", "MOMServiceSetup\MOMServiceSetup.vdproj", "{A209BAA8-6263-41C4-8DDA-3812F41D284E}"
EndProject
Global
	GlobalSection(SolutionConfigurationPlatforms) = preSolution
		Debug|Any CPU = Debug|Any CPU
		Release|Any CPU = Release|Any CPU
	EndGlobalSection
	GlobalSection(ProjectConfigurationPlatforms) = postSolution
		{5C9D72C9-0983-4771-8801-D726A774FD98}.Debug|Any CPU.ActiveCfg = Debug|Any CPU
		{5C9D72C9-0983-4771-8801-D726A774FD98}.Debug|Any CPU.Build.0 = Debug|Any CPU
		{5C9D72C9-0983-4771-8801-D726A774FD98}.Release|Any CPU.ActiveCfg = Release|Any CPU
		{5C9D72C9-0983-4771-8801-D726A774FD98}.Release|Any CPU.Build.0 = Release|Any CPU
		{7F3D17D6-74F1-48FA-AB49-04E79F341A9B}.Debug|Any CPU.ActiveCfg = Debug|Any CPU
		{7F3D17D6-74F1-48FA-AB49-04E79F341A9B}.Debug|Any CPU.Build.0 = Debug|Any CPU
		{7F3D17D6-74F1-48FA-AB49-04E79F341A9B}.Release|Any CPU.ActiveCfg = Release|Any CPU
		{7F3D17D6-74F1-48FA-AB49-04E79F341A9B}.Release|Any CPU.Build.0 = Release|Any CPU
		{A209BAA8-6263-41C4-8DDA-3812F41D284E}.Debug|Any CPU.ActiveCfg = Debug
		{A209BAA8-6263-41C4-8DDA-3812F41D284E}.Release|Any CPU.ActiveCfg = Release
	EndGlobalSection
	GlobalSection(SolutionProperties) = preSolution
		HideSolutionNode = FALSE
	EndGlobalSection
EndGlobal
